
Microsoft Visual Studio Solution File, Format Version 11.00
# Visual Studio 2010
Project("{FAE04EC0-301F-11D3-BF4B-00C04F79EFBC}") = "WindEDBFormSample", "WindEDBFormSample\WindEDBFormSample.csproj", "{F30F0927-7C97-4416-96BF-CCBD137E900B}"
EndProject
Global
	GlobalSection(SolutionConfigurationPlatforms) = preSolution
		Debug|Any CPU = Debug|Any CPU
		Release|Any CPU = Release|Any CPU
	EndGlobalSection
	GlobalSection(ProjectConfigurationPlatforms) = postSolution
		{F30F0927-7C97-4416-96BF-CCBD137E900B}.Debug|Any CPU.ActiveCfg = Debug|Any CPU
		{F30F0927-7C97-4416-96BF-CCBD137E900B}.Debug|Any CPU.Build.0 = Debug|Any CPU
		{F30F0927-7C97-4416-96BF-CCBD137E900B}.Release|Any CPU.ActiveCfg = Release|Any CPU
		{F30F0927-7C97-4416-96BF-CCBD137E900B}.Release|Any CPU.Build.0 = Release|Any CPU
	EndGlobalSection
	GlobalSection(SolutionProperties) = preSolution
		HideSolutionNode = FALSE
	EndGlobalSection
EndGlobal
