
Microsoft Visual Studio Solution File, Format Version 11.00
# Visual Studio 2010
Project("{FAE04EC0-301F-11D3-BF4B-00C04F79EFBC}") = "WindConsoleAppSample", "WindConsoleAppSample\WindConsoleAppSample.csproj", "{96C3AEA0-D694-4F89-8F3F-8012D1F63BA6}"
EndProject
Global
	GlobalSection(SolutionConfigurationPlatforms) = preSolution
		Debug|Any CPU = Debug|Any CPU
		Release|Any CPU = Release|Any CPU
	EndGlobalSection
	GlobalSection(ProjectConfigurationPlatforms) = postSolution
		{96C3AEA0-D694-4F89-8F3F-8012D1F63BA6}.Debug|Any CPU.ActiveCfg = Debug|Any CPU
		{96C3AEA0-D694-4F89-8F3F-8012D1F63BA6}.Release|Any CPU.ActiveCfg = Release|Any CPU
	EndGlobalSection
	GlobalSection(SolutionProperties) = preSolution
		HideSolutionNode = FALSE
	EndGlobalSection
EndGlobal
