
Microsoft Visual Studio Solution File, Format Version 11.00
# Visual Studio 2010
Project("{FAE04EC0-301F-11D3-BF4B-00C04F79EFBC}") = "WindCSharpNewSample", "WindCSharpNewSample.csproj", "{14004A06-4D36-4791-A51E-841E23D21CB1}"
EndProject
Global
	GlobalSection(SolutionConfigurationPlatforms) = preSolution
		Debug|Any CPU = Debug|Any CPU
		Release|Any CPU = Release|Any CPU
	EndGlobalSection
	GlobalSection(ProjectConfigurationPlatforms) = postSolution
		{14004A06-4D36-4791-A51E-841E23D21CB1}.Debug|Any CPU.ActiveCfg = Debug|Any CPU
		{14004A06-4D36-4791-A51E-841E23D21CB1}.Debug|Any CPU.Build.0 = Debug|Any CPU
		{14004A06-4D36-4791-A51E-841E23D21CB1}.Release|Any CPU.ActiveCfg = Release|Any CPU
		{14004A06-4D36-4791-A51E-841E23D21CB1}.Release|Any CPU.Build.0 = Release|Any CPU
	EndGlobalSection
	GlobalSection(SolutionProperties) = preSolution
		HideSolutionNode = FALSE
	EndGlobalSection
EndGlobal
